
Microsoft Visual Studio Solution File, Format Version 12.00
# Visual Studio Version 16
VisualStudioVersion = 16.0.30114.105
MinimumVisualStudioVersion = 15.0.26124.0
Project("{9A19103F-16F7-4668-BE54-9A1E7A4F7556}") = "Api1", "Api1\Api1.csproj", "{D8770D96-51FD-4121-9319-C524C11C4F75}"
EndProject
Project("{9A19103F-16F7-4668-BE54-9A1E7A4F7556}") = "CommonLib.Sql", "CommonLib.Sql\CommonLib.Sql.csproj", "{9B4E3BC0-38F6-498E-AE1E-9EEF25AEAB87}"
EndProject
Global
	GlobalSection(SolutionConfigurationPlatforms) = preSolution
		Debug|Any CPU = Debug|Any CPU
		Debug|x64 = Debug|x64
		Debug|x86 = Debug|x86
		Release|Any CPU = Release|Any CPU
		Release|x64 = Release|x64
		Release|x86 = Release|x86
	EndGlobalSection
	GlobalSection(ProjectConfigurationPlatforms) = postSolution
		{D8770D96-51FD-4121-9319-C524C11C4F75}.Debug|Any CPU.ActiveCfg = Debug|Any CPU
		{D8770D96-51FD-4121-9319-C524C11C4F75}.Debug|Any CPU.Build.0 = Debug|Any CPU
		{D8770D96-51FD-4121-9319-C524C11C4F75}.Debug|x64.ActiveCfg = Debug|Any CPU
		{D8770D96-51FD-4121-9319-C524C11C4F75}.Debug|x64.Build.0 = Debug|Any CPU
		{D8770D96-51FD-4121-9319-C524C11C4F75}.Debug|x86.ActiveCfg = Debug|Any CPU
		{D8770D96-51FD-4121-9319-C524C11C4F75}.Debug|x86.Build.0 = Debug|Any CPU
		{D8770D96-51FD-4121-9319-C524C11C4F75}.Release|Any CPU.ActiveCfg = Release|Any CPU
		{D8770D96-51FD-4121-9319-C524C11C4F75}.Release|Any CPU.Build.0 = Release|Any CPU
		{D8770D96-51FD-4121-9319-C524C11C4F75}.Release|x64.ActiveCfg = Release|Any CPU
		{D8770D96-51FD-4121-9319-C524C11C4F75}.Release|x64.Build.0 = Release|Any CPU
		{D8770D96-51FD-4121-9319-C524C11C4F75}.Release|x86.ActiveCfg = Release|Any CPU
		{D8770D96-51FD-4121-9319-C524C11C4F75}.Release|x86.Build.0 = Release|Any CPU
		{9B4E3BC0-38F6-498E-AE1E-9EEF25AEAB87}.Debug|Any CPU.ActiveCfg = Debug|Any CPU
		{9B4E3BC0-38F6-498E-AE1E-9EEF25AEAB87}.Debug|Any CPU.Build.0 = Debug|Any CPU
		{9B4E3BC0-38F6-498E-AE1E-9EEF25AEAB87}.Debug|x64.ActiveCfg = Debug|Any CPU
		{9B4E3BC0-38F6-498E-AE1E-9EEF25AEAB87}.Debug|x64.Build.0 = Debug|Any CPU
		{9B4E3BC0-38F6-498E-AE1E-9EEF25AEAB87}.Debug|x86.ActiveCfg = Debug|Any CPU
		{9B4E3BC0-38F6-498E-AE1E-9EEF25AEAB87}.Debug|x86.Build.0 = Debug|Any CPU
		{9B4E3BC0-38F6-498E-AE1E-9EEF25AEAB87}.Release|Any CPU.ActiveCfg = Release|Any CPU
		{9B4E3BC0-38F6-498E-AE1E-9EEF25AEAB87}.Release|Any CPU.Build.0 = Release|Any CPU
		{9B4E3BC0-38F6-498E-AE1E-9EEF25AEAB87}.Release|x64.ActiveCfg = Release|Any CPU
		{9B4E3BC0-38F6-498E-AE1E-9EEF25AEAB87}.Release|x64.Build.0 = Release|Any CPU
		{9B4E3BC0-38F6-498E-AE1E-9EEF25AEAB87}.Release|x86.ActiveCfg = Release|Any CPU
		{9B4E3BC0-38F6-498E-AE1E-9EEF25AEAB87}.Release|x86.Build.0 = Release|Any CPU
	EndGlobalSection
	GlobalSection(SolutionProperties) = preSolution
		HideSolutionNode = FALSE
	EndGlobalSection
	GlobalSection(ExtensibilityGlobals) = postSolution
		SolutionGuid = {0A81671A-91A2-4086-91E8-7E6471205DC6}
	EndGlobalSection
EndGlobal
